
Microsoft Visual Studio Solution File, Format Version 12.00
# Visual Studio Version 17
VisualStudioVersion = 17.10.35013.160
MinimumVisualStudioVersion = 10.0.40219.1
Project("{FAE04EC0-301F-11D3-BF4B-00C04F79EFBC}") = "proyectoEVALUACION1_jhoseline_Grijalva", "proyectoEVALUACION1_jhoseline_Grijalva.csproj", "{7E467DDC-09F3-497B-AB1C-C3DF7C484121}"
EndProject
Global
	GlobalSection(SolutionConfigurationPlatforms) = preSolution
		Debug|Any CPU = Debug|Any CPU
		Release|Any CPU = Release|Any CPU
	EndGlobalSection
	GlobalSection(ProjectConfigurationPlatforms) = postSolution
		{7E467DDC-09F3-497B-AB1C-C3DF7C484121}.Debug|Any CPU.ActiveCfg = Debug|Any CPU
		{7E467DDC-09F3-497B-AB1C-C3DF7C484121}.Debug|Any CPU.Build.0 = Debug|Any CPU
		{7E467DDC-09F3-497B-AB1C-C3DF7C484121}.Release|Any CPU.ActiveCfg = Release|Any CPU
		{7E467DDC-09F3-497B-AB1C-C3DF7C484121}.Release|Any CPU.Build.0 = Release|Any CPU
	EndGlobalSection
	GlobalSection(SolutionProperties) = preSolution
		HideSolutionNode = FALSE
	EndGlobalSection
	GlobalSection(ExtensibilityGlobals) = postSolution
		SolutionGuid = {D8F4C797-C1DD-4E36-9FE3-0208F5BBAF1F}
	EndGlobalSection
EndGlobal
