
Microsoft Visual Studio Solution File, Format Version 12.00
# Visual Studio Version 17
VisualStudioVersion = 17.10.35013.160
MinimumVisualStudioVersion = 10.0.40219.1
Project("{FAE04EC0-301F-11D3-BF4B-00C04F79EFBC}") = "Carro_Jhoseline_Grijalva", "Carro_Jhoseline_Grijalva.csproj", "{A9405A2C-2B93-493F-ABE6-B991083E4B64}"
EndProject
Global
	GlobalSection(SolutionConfigurationPlatforms) = preSolution
		Debug|Any CPU = Debug|Any CPU
		Release|Any CPU = Release|Any CPU
	EndGlobalSection
	GlobalSection(ProjectConfigurationPlatforms) = postSolution
		{A9405A2C-2B93-493F-ABE6-B991083E4B64}.Debug|Any CPU.ActiveCfg = Debug|Any CPU
		{A9405A2C-2B93-493F-ABE6-B991083E4B64}.Debug|Any CPU.Build.0 = Debug|Any CPU
		{A9405A2C-2B93-493F-ABE6-B991083E4B64}.Release|Any CPU.ActiveCfg = Release|Any CPU
		{A9405A2C-2B93-493F-ABE6-B991083E4B64}.Release|Any CPU.Build.0 = Release|Any CPU
	EndGlobalSection
	GlobalSection(SolutionProperties) = preSolution
		HideSolutionNode = FALSE
	EndGlobalSection
	GlobalSection(ExtensibilityGlobals) = postSolution
		SolutionGuid = {35DD98A8-B452-4606-9083-B04FF1A22241}
	EndGlobalSection
EndGlobal
